Microsoft Visual Studio Solution File, Format Version 12.00
# Visual Studio Version 17
VisualStudioVersion = 17.14.35821.62
MinimumVisualStudioVersion = 10.0.40219.1
Project("{FAE04EC0-301F-11D3-BF4B-00C04F79EFBC}") = "PracticalWork5", "PracticalWork5\PracticalWork5.csproj", "{02858555-D37D-43A3-8556-C9223B1C58FB}"
EndProject
Global
	GlobalSection(SolutionConfigurationPlatforms) = preSolution
		Debug|Any CPU = Debug|Any CPU
		Release|Any CPU = Release|Any CPU
	EndGlobalSection
	GlobalSection(ProjectConfigurationPlatforms) = postSolution
		{02858555-D37D-43A3-8556-C9223B1C58FB}.Debug|Any CPU.ActiveCfg = Debug|Any CPU
		{02858555-D37D-43A3-8556-C9223B1C58FB}.Debug|Any CPU.Build.0 = Debug|Any CPU
		{02858555-D37D-43A3-8556-C9223B1C58FB}.Release|Any CPU.ActiveCfg = Release|Any CPU
		{02858555-D37D-43A3-8556-C9223B1C58FB}.Release|Any CPU.Build.0 = Release|Any CPU
	EndGlobalSection
	GlobalSection(SolutionProperties) = preSolution
		HideSolutionNode = FALSE
	EndGlobalSection
	GlobalSection(ExtensibilityGlobals) = postSolution
		SolutionGuid = {52C37716-84EB-486B-8DDE-0FC5DFF9A368}
	EndGlobalSection
EndGlobal
